<?xml version="1.0" encoding="utf-8"?>
<Project ToolsVersion="4.0" xmlns="http://schemas.microsoft.com/developer/msbuild/2003">
  <ItemGroup>
    <Filter Include="include">
      <UniqueIdentifier>{4526c628-816d-48eb-8c27-6b438ba5c6d7}</UniqueIdentifier>
    </Filter>
    <Filter Include="src">
      <UniqueIdentifier>{78d538e8-b00b-4347-a981-3dde003b8c22}</UniqueIdentifier>
    </Filter>
  </ItemGroup>
  <ItemGroup>
    <ClInclude Include="..\..\..\..\apx\include\apx\extension\server_text_log.h">
      <Filter>include</Filter>
    </ClInclude>
    <ClInclude Include="..\..\..\..\apx\include\apx\extension\server_text_log_extension.h">
      <Filter>include</Filter>
    </ClInclude>
    <ClInclude Include="..\..\..\..\apx\include\apx\extension\text_log_base.h">
      <Filter>include</Filter>
    </ClInclude>
  </ItemGroup>
  <ItemGroup>
    <ClCompile Include="..\..\..\..\apx\src\extension\server_text_log.c">
      <Filter>src</Filter>
    </ClCompile>
    <ClCompile Include="..\..\..\..\apx\src\extension\server_text_log_extension.c">
      <Filter>src</Filter>
    </ClCompile>
    <ClCompile Include="..\..\..\..\apx\src\extension\text_log_base.c">
      <Filter>src</Filter>
    </ClCompile>
  </ItemGroup>
</Project>