<?xml version="1.0" encoding="utf-8"?>
<Project ToolsVersion="4.0" xmlns="http://schemas.microsoft.com/developer/msbuild/2003">
  <ItemGroup>
    <Filter Include="include">
      <UniqueIdentifier>{ad23de90-154c-4994-a519-32b3a00c1fb6}</UniqueIdentifier>
    </Filter>
    <Filter Include="src">
      <UniqueIdentifier>{17a7409b-6edf-4e4f-8574-28328bded62e}</UniqueIdentifier>
    </Filter>
  </ItemGroup>
  <ItemGroup>
    <ClInclude Include="..\..\..\..\app\apx_node\include\apx_connection.h">
      <Filter>include</Filter>
    </ClInclude>
    <ClInclude Include="..\..\..\..\app\apx_node\include\json_server.h">
      <Filter>include</Filter>
    </ClInclude>
    <ClInclude Include="..\..\..\..\app\apx_node\include\json_server_connection.h">
      <Filter>include</Filter>
    </ClInclude>
  </ItemGroup>
  <ItemGroup>
    <ClCompile Include="..\..\..\..\app\apx_node\src\apx_connection.c">
      <Filter>src</Filter>
    </ClCompile>
    <ClCompile Include="..\..\..\..\app\apx_node\src\apx_node_main.c">
      <Filter>src</Filter>
    </ClCompile>
    <ClCompile Include="..\..\..\..\app\apx_node\src\json_server.c">
      <Filter>src</Filter>
    </ClCompile>
    <ClCompile Include="..\..\..\..\app\apx_node\src\json_server_connection.c">
      <Filter>src</Filter>
    </ClCompile>
  </ItemGroup>
</Project>