<?xml version="1.0" encoding="utf-8"?>
<Project ToolsVersion="4.0" xmlns="http://schemas.microsoft.com/developer/msbuild/2003">
  <ItemGroup>
    <Filter Include="src">
      <UniqueIdentifier>{74635ebd-74c2-457e-9568-44aecf916984}</UniqueIdentifier>
    </Filter>
    <Filter Include="include">
      <UniqueIdentifier>{03b9a722-36d6-472f-983d-7cd98fae0477}</UniqueIdentifier>
    </Filter>
    <Filter Include="cutil">
      <UniqueIdentifier>{d068470d-5a57-45d9-9abb-b3935a34d5c4}</UniqueIdentifier>
    </Filter>
    <Filter Include="cutil\include">
      <UniqueIdentifier>{18c23cb3-e171-4a70-b373-31d2722f6d81}</UniqueIdentifier>
    </Filter>
    <Filter Include="cutil\src">
      <UniqueIdentifier>{43975c3f-accd-4467-bdec-14d5e7b60e43}</UniqueIdentifier>
    </Filter>
  </ItemGroup>
  <ItemGroup>
    <ClInclude Include="..\..\..\..\app\apx_control\include\message_client_connection.h">
      <Filter>include</Filter>
    </ClInclude>
    <ClInclude Include="..\..\..\..\cutil\inc\argparse.h">
      <Filter>cutil\include</Filter>
    </ClInclude>
  </ItemGroup>
  <ItemGroup>
    <ClCompile Include="..\..\..\..\app\apx_control\src\apx_control_main.c">
      <Filter>src</Filter>
    </ClCompile>
    <ClCompile Include="..\..\..\..\app\apx_control\src\message_client_connection.c">
      <Filter>src</Filter>
    </ClCompile>
    <ClCompile Include="..\..\..\..\cutil\src\argparse.c">
      <Filter>cutil\src</Filter>
    </ClCompile>
  </ItemGroup>
</Project>