<?xml version="1.0" encoding="utf-8"?>
<Project ToolsVersion="4.0" xmlns="http://schemas.microsoft.com/developer/msbuild/2003">
  <ItemGroup>
    <Filter Include="include">
      <UniqueIdentifier>{1f766a94-8dd0-4373-86f5-7549434c4e30}</UniqueIdentifier>
    </Filter>
    <Filter Include="src">
      <UniqueIdentifier>{eb3b1f38-9485-4205-97b8-59c62183449d}</UniqueIdentifier>
    </Filter>
  </ItemGroup>
  <ItemGroup>
    <ClInclude Include="..\..\..\..\apx\include\apx\extension\socket_server.h">
      <Filter>include</Filter>
    </ClInclude>
    <ClInclude Include="..\..\..\..\apx\include\apx\extension\socket_server_connection.h">
      <Filter>include</Filter>
    </ClInclude>
    <ClInclude Include="..\..\..\..\apx\include\apx\extension\socket_server_extension.h">
      <Filter>include</Filter>
    </ClInclude>
  </ItemGroup>
  <ItemGroup>
    <ClCompile Include="..\..\..\..\apx\src\extension\socket_server.c">
      <Filter>src</Filter>
    </ClCompile>
    <ClCompile Include="..\..\..\..\apx\src\extension\socket_server_connection.c">
      <Filter>src</Filter>
    </ClCompile>
    <ClCompile Include="..\..\..\..\apx\src\extension\socket_server_extension.c">
      <Filter>src</Filter>
    </ClCompile>
  </ItemGroup>
</Project>