<?xml version="1.0" encoding="utf-8"?>
<Project ToolsVersion="4.0" xmlns="http://schemas.microsoft.com/developer/msbuild/2003">
  <ItemGroup>
    <Filter Include="include">
      <UniqueIdentifier>{f261f1a7-c2b0-4268-ab33-d79380e44294}</UniqueIdentifier>
    </Filter>
    <Filter Include="src">
      <UniqueIdentifier>{2b4bfbf6-841e-4c25-b43b-fa4bcdddc151}</UniqueIdentifier>
    </Filter>
  </ItemGroup>
  <ItemGroup>
    <ClCompile Include="..\..\..\..\app\apx_info\src\apx_info_main.c">
      <Filter>src</Filter>
    </ClCompile>
    <ClCompile Include="..\..\..\..\apx\src\monitor_socket_client_connection.c">
      <Filter>src</Filter>
    </ClCompile>
  </ItemGroup>
  <ItemGroup>
    <ClInclude Include="..\..\..\..\app\apx_info\include\apx_app_cmd.h">
      <Filter>include</Filter>
    </ClInclude>
    <ClInclude Include="..\..\..\..\apx\include\apx\monitor_socket_client_connection.h">
      <Filter>include</Filter>
    </ClInclude>
  </ItemGroup>
</Project>