<?xml version="1.0" encoding="utf-8"?>
<Project ToolsVersion="4.0" xmlns="http://schemas.microsoft.com/developer/msbuild/2003">
  <ItemGroup>
    <Filter Include="apx">
      <UniqueIdentifier>{241f4bea-82e7-4e77-9bfb-023a353ee3f5}</UniqueIdentifier>
    </Filter>
    <Filter Include="remotefile">
      <UniqueIdentifier>{59b9a85e-9d59-4299-abe0-4aa23cc4f113}</UniqueIdentifier>
    </Filter>
    <Filter Include="msocket">
      <UniqueIdentifier>{d23a8de8-7461-48ce-9406-8d925d990041}</UniqueIdentifier>
    </Filter>
    <Filter Include="util">
      <UniqueIdentifier>{03b4929f-a646-4f82-9ce9-cf6a7e48b997}</UniqueIdentifier>
    </Filter>
    <Filter Include="util\inc">
      <UniqueIdentifier>{def05abf-218f-4138-8272-bc5561fb6b0f}</UniqueIdentifier>
    </Filter>
    <Filter Include="util\src">
      <UniqueIdentifier>{b24a7a2d-3771-40c0-b261-ed1df49ead12}</UniqueIdentifier>
    </Filter>
    <Filter Include="remotefile\inc">
      <UniqueIdentifier>{0c0da25c-5aac-47b9-bab0-45dd1a236b63}</UniqueIdentifier>
    </Filter>
    <Filter Include="remotefile\src">
      <UniqueIdentifier>{dcd89814-3e59-4884-ba6c-d8226fb679ac}</UniqueIdentifier>
    </Filter>
    <Filter Include="msocket\inc">
      <UniqueIdentifier>{2d004108-bb82-4d88-9734-61cef370e618}</UniqueIdentifier>
    </Filter>
    <Filter Include="msocket\src">
      <UniqueIdentifier>{63327996-0f5b-4497-bd40-e17ff3ad6d84}</UniqueIdentifier>
    </Filter>
    <Filter Include="apx\common">
      <UniqueIdentifier>{9f367573-8815-434b-bcde-ea7762cde859}</UniqueIdentifier>
    </Filter>
    <Filter Include="apx\common\inc">
      <UniqueIdentifier>{b4e4c83d-a579-4c17-8032-c6ae834aea3a}</UniqueIdentifier>
    </Filter>
    <Filter Include="apx\common\src">
      <UniqueIdentifier>{7e5e59e9-f5fc-4ab0-9c23-5b8ba81ca585}</UniqueIdentifier>
    </Filter>
    <Filter Include="apx\client">
      <UniqueIdentifier>{1d63172b-29f8-4270-9561-8ae666669801}</UniqueIdentifier>
    </Filter>
    <Filter Include="apx\client\inc">
      <UniqueIdentifier>{39cf6636-cdb7-4eb6-8110-bbb6d45a3825}</UniqueIdentifier>
    </Filter>
    <Filter Include="apx\client\src">
      <UniqueIdentifier>{8aff9b51-8ffe-40ca-b3b9-cbb5f1e18681}</UniqueIdentifier>
    </Filter>
    <Filter Include="adt">
      <UniqueIdentifier>{daf1f4cf-b036-4303-bdfb-d5a2a29eeb0d}</UniqueIdentifier>
    </Filter>
    <Filter Include="adt\inc">
      <UniqueIdentifier>{51fcc232-3ba8-4bea-9b9d-e7833542cb96}</UniqueIdentifier>
    </Filter>
    <Filter Include="adt\src">
      <UniqueIdentifier>{409f6cc2-5734-4d86-b628-a2addb823be2}</UniqueIdentifier>
    </Filter>
    <Filter Include="dtl_type">
      <UniqueIdentifier>{8da5fac0-94b1-43ba-af07-e7a9e201e0b9}</UniqueIdentifier>
    </Filter>
    <Filter Include="dtl_type\inc">
      <UniqueIdentifier>{fccd2f3a-82f9-4461-8c23-06e125f911ab}</UniqueIdentifier>
    </Filter>
    <Filter Include="dtl_type\src">
      <UniqueIdentifier>{cb29efee-4eb4-4fb3-935f-a955d0732b6b}</UniqueIdentifier>
    </Filter>
    <Filter Include="bstr">
      <UniqueIdentifier>{bb1f5ff5-2722-4700-935c-8c0357f8f1a9}</UniqueIdentifier>
    </Filter>
    <Filter Include="bstr\inc">
      <UniqueIdentifier>{1da8fa8f-fab8-4b85-b23f-233dd5d126da}</UniqueIdentifier>
    </Filter>
    <Filter Include="bstr\src">
      <UniqueIdentifier>{ffff1583-5335-4dbb-9935-8cd6f1aceee2}</UniqueIdentifier>
    </Filter>
  </ItemGroup>
  <ItemGroup>
    <ClInclude Include="..\..\..\..\remotefile\inc\rmf.h">
      <Filter>remotefile\inc</Filter>
    </ClInclude>
    <ClInclude Include="..\..\..\..\remotefile\inc\rmf_cfg.h">
      <Filter>remotefile\inc</Filter>
    </ClInclude>
    <ClInclude Include="..\..\..\..\util\inc\headerutil.h">
      <Filter>util\inc</Filter>
    </ClInclude>
    <ClInclude Include="..\..\..\..\util\inc\msc_bool.h">
      <Filter>util\inc</Filter>
    </ClInclude>
    <ClInclude Include="..\..\..\..\util\inc\pack.h">
      <Filter>util\inc</Filter>
    </ClInclude>
    <ClInclude Include="..\..\..\..\util\inc\ringbuf.h">
      <Filter>util\inc</Filter>
    </ClInclude>
    <ClInclude Include="..\..\..\..\util\inc\ringbuf_cfg.h">
      <Filter>util\inc</Filter>
    </ClInclude>
    <ClInclude Include="..\..\..\..\util\inc\soa.h">
      <Filter>util\inc</Filter>
    </ClInclude>
    <ClInclude Include="..\..\..\..\util\inc\soa_chunk.h">
      <Filter>util\inc</Filter>
    </ClInclude>
    <ClInclude Include="..\..\..\..\util\inc\soa_fsa.h">
      <Filter>util\inc</Filter>
    </ClInclude>
    <ClInclude Include="..\..\..\..\msocket\inc\msocket.h">
      <Filter>msocket\inc</Filter>
    </ClInclude>
    <ClInclude Include="..\..\..\..\msocket\inc\msocket_server.h">
      <Filter>msocket\inc</Filter>
    </ClInclude>
    <ClInclude Include="..\..\..\..\msocket\inc\osmacro.h">
      <Filter>msocket\inc</Filter>
    </ClInclude>
    <ClInclude Include="..\..\..\..\msocket\inc\osutil.h">
      <Filter>msocket\inc</Filter>
    </ClInclude>
    <ClInclude Include="..\..\..\..\apx\common\inc\apx_allocator.h">
      <Filter>apx\common\inc</Filter>
    </ClInclude>
    <ClInclude Include="..\..\..\..\apx\common\inc\apx_cfg.h">
      <Filter>apx\common\inc</Filter>
    </ClInclude>
    <ClInclude Include="..\..\..\..\apx\common\inc\apx_dataElement.h">
      <Filter>apx\common\inc</Filter>
    </ClInclude>
    <ClInclude Include="..\..\..\..\apx\common\inc\apx_dataSignature.h">
      <Filter>apx\common\inc</Filter>
    </ClInclude>
    <ClInclude Include="..\..\..\..\apx\common\inc\apx_dataTrigger.h">
      <Filter>apx\common\inc</Filter>
    </ClInclude>
    <ClInclude Include="..\..\..\..\apx\common\inc\apx_datatype.h">
      <Filter>apx\common\inc</Filter>
    </ClInclude>
    <ClInclude Include="..\..\..\..\apx\common\inc\apx_file.h">
      <Filter>apx\common\inc</Filter>
    </ClInclude>
    <ClInclude Include="..\..\..\..\apx\common\inc\apx_fileManager.h">
      <Filter>apx\common\inc</Filter>
    </ClInclude>
    <ClInclude Include="..\..\..\..\apx\common\inc\apx_fileManager_cfg.h">
      <Filter>apx\common\inc</Filter>
    </ClInclude>
    <ClInclude Include="..\..\..\..\apx\common\inc\apx_fileMap.h">
      <Filter>apx\common\inc</Filter>
    </ClInclude>
    <ClInclude Include="..\..\..\..\apx\common\inc\apx_logging.h">
      <Filter>apx\common\inc</Filter>
    </ClInclude>
    <ClInclude Include="..\..\..\..\apx\common\inc\apx_msg.h">
      <Filter>apx\common\inc</Filter>
    </ClInclude>
    <ClInclude Include="..\..\..\..\apx\common\inc\apx_node.h">
      <Filter>apx\common\inc</Filter>
    </ClInclude>
    <ClInclude Include="..\..\..\..\apx\common\inc\apx_nodeData.h">
      <Filter>apx\common\inc</Filter>
    </ClInclude>
    <ClInclude Include="..\..\..\..\apx\common\inc\apx_nodeData_cfg.h">
      <Filter>apx\common\inc</Filter>
    </ClInclude>
    <ClInclude Include="..\..\..\..\apx\common\inc\apx_nodeInfo.h">
      <Filter>apx\common\inc</Filter>
    </ClInclude>
    <ClInclude Include="..\..\..\..\apx\common\inc\apx_nodeManager.h">
      <Filter>apx\common\inc</Filter>
    </ClInclude>
    <ClInclude Include="..\..\..\..\apx\common\inc\apx_parser.h">
      <Filter>apx\common\inc</Filter>
    </ClInclude>
    <ClInclude Include="..\..\..\..\apx\common\inc\apx_port.h">
      <Filter>apx\common\inc</Filter>
    </ClInclude>
    <ClInclude Include="..\..\..\..\apx\common\inc\apx_portDataBuffer.h">
      <Filter>apx\common\inc</Filter>
    </ClInclude>
    <ClInclude Include="..\..\..\..\apx\common\inc\apx_portDataMap.h">
      <Filter>apx\common\inc</Filter>
    </ClInclude>
    <ClInclude Include="..\..\..\..\apx\common\inc\apx_portref.h">
      <Filter>apx\common\inc</Filter>
    </ClInclude>
    <ClInclude Include="..\..\..\..\apx\common\inc\apx_router.h">
      <Filter>apx\common\inc</Filter>
    </ClInclude>
    <ClInclude Include="..\..\..\..\apx\common\inc\apx_routerPortMapEntry.h">
      <Filter>apx\common\inc</Filter>
    </ClInclude>
    <ClInclude Include="..\..\..\..\apx\common\inc\apx_stream.h">
      <Filter>apx\common\inc</Filter>
    </ClInclude>
    <ClInclude Include="..\..\..\..\apx\common\inc\apx_transmitHandler.h">
      <Filter>apx\common\inc</Filter>
    </ClInclude>
    <ClInclude Include="..\..\..\..\apx\common\inc\apx_types.h">
      <Filter>apx\common\inc</Filter>
    </ClInclude>
    <ClInclude Include="..\..\..\..\apx\common\inc\filestream.h">
      <Filter>apx\common\inc</Filter>
    </ClInclude>
    <ClInclude Include="..\..\..\..\apx\client\inc\apx_client.h">
      <Filter>apx\client\inc</Filter>
    </ClInclude>
    <ClInclude Include="..\..\..\..\apx\client\inc\apx_clientConnection.h">
      <Filter>apx\client\inc</Filter>
    </ClInclude>
    <ClInclude Include="..\..\..\..\adt\inc\adt_ary.h">
      <Filter>adt\inc</Filter>
    </ClInclude>
    <ClInclude Include="..\..\..\..\adt\inc\adt_bytearray.h">
      <Filter>adt\inc</Filter>
    </ClInclude>
    <ClInclude Include="..\..\..\..\adt\inc\adt_hash.h">
      <Filter>adt\inc</Filter>
    </ClInclude>
    <ClInclude Include="..\..\..\..\adt\inc\adt_heap.h">
      <Filter>adt\inc</Filter>
    </ClInclude>
    <ClInclude Include="..\..\..\..\adt\inc\adt_list.h">
      <Filter>adt\inc</Filter>
    </ClInclude>
    <ClInclude Include="..\..\..\..\adt\inc\adt_stack.h">
      <Filter>adt\inc</Filter>
    </ClInclude>
    <ClInclude Include="..\..\..\..\adt\inc\adt_str.h">
      <Filter>adt\inc</Filter>
    </ClInclude>
    <ClInclude Include="..\..\..\..\adt\inc\adt_u16Map.h">
      <Filter>adt\inc</Filter>
    </ClInclude>
    <ClInclude Include="..\..\..\..\dtl_type\inc\dtl_av.h">
      <Filter>dtl_type\inc</Filter>
    </ClInclude>
    <ClInclude Include="..\..\..\..\dtl_type\inc\dtl_dv.h">
      <Filter>dtl_type\inc</Filter>
    </ClInclude>
    <ClInclude Include="..\..\..\..\dtl_type\inc\dtl_hv.h">
      <Filter>dtl_type\inc</Filter>
    </ClInclude>
    <ClInclude Include="..\..\..\..\dtl_type\inc\dtl_sv.h">
      <Filter>dtl_type\inc</Filter>
    </ClInclude>
    <ClInclude Include="..\..\..\..\dtl_type\inc\dtl_type.h">
      <Filter>dtl_type\inc</Filter>
    </ClInclude>
    <ClInclude Include="..\..\..\..\bstr\inc\bstr.h">
      <Filter>bstr\inc</Filter>
    </ClInclude>
  </ItemGroup>
  <ItemGroup>
    <ClCompile Include="..\..\..\..\remotefile\src\rmf.c">
      <Filter>remotefile\src</Filter>
    </ClCompile>
    <ClCompile Include="..\..\..\..\util\src\headerutil.c">
      <Filter>util\src</Filter>
    </ClCompile>
    <ClCompile Include="..\..\..\..\util\src\pack.c">
      <Filter>util\src</Filter>
    </ClCompile>
    <ClCompile Include="..\..\..\..\util\src\ringbuf.c">
      <Filter>util\src</Filter>
    </ClCompile>
    <ClCompile Include="..\..\..\..\util\src\soa.c">
      <Filter>util\src</Filter>
    </ClCompile>
    <ClCompile Include="..\..\..\..\util\src\soa_chunk.c">
      <Filter>util\src</Filter>
    </ClCompile>
    <ClCompile Include="..\..\..\..\util\src\soa_fsa.c">
      <Filter>util\src</Filter>
    </ClCompile>
    <ClCompile Include="..\..\..\..\msocket\src\msocket.c">
      <Filter>msocket\src</Filter>
    </ClCompile>
    <ClCompile Include="..\..\..\..\msocket\src\osutil.c">
      <Filter>msocket\src</Filter>
    </ClCompile>
    <ClCompile Include="..\..\..\..\apx\common\src\apx_allocator.c">
      <Filter>apx\common\src</Filter>
    </ClCompile>
    <ClCompile Include="..\..\..\..\apx\common\src\apx_dataElement.c">
      <Filter>apx\common\src</Filter>
    </ClCompile>
    <ClCompile Include="..\..\..\..\apx\common\src\apx_dataSignature.c">
      <Filter>apx\common\src</Filter>
    </ClCompile>
    <ClCompile Include="..\..\..\..\apx\common\src\apx_dataTrigger.c">
      <Filter>apx\common\src</Filter>
    </ClCompile>
    <ClCompile Include="..\..\..\..\apx\common\src\apx_datatype.c">
      <Filter>apx\common\src</Filter>
    </ClCompile>
    <ClCompile Include="..\..\..\..\apx\common\src\apx_file.c">
      <Filter>apx\common\src</Filter>
    </ClCompile>
    <ClCompile Include="..\..\..\..\apx\common\src\apx_fileManager.c">
      <Filter>apx\common\src</Filter>
    </ClCompile>
    <ClCompile Include="..\..\..\..\apx\common\src\apx_fileMap.c">
      <Filter>apx\common\src</Filter>
    </ClCompile>
    <ClCompile Include="..\..\..\..\apx\common\src\apx_node.c">
      <Filter>apx\common\src</Filter>
    </ClCompile>
    <ClCompile Include="..\..\..\..\apx\common\src\apx_nodeData.c">
      <Filter>apx\common\src</Filter>
    </ClCompile>
    <ClCompile Include="..\..\..\..\apx\common\src\apx_nodeInfo.c">
      <Filter>apx\common\src</Filter>
    </ClCompile>
    <ClCompile Include="..\..\..\..\apx\common\src\apx_nodeManager.c">
      <Filter>apx\common\src</Filter>
    </ClCompile>
    <ClCompile Include="..\..\..\..\apx\common\src\apx_parser.c">
      <Filter>apx\common\src</Filter>
    </ClCompile>
    <ClCompile Include="..\..\..\..\apx\common\src\apx_port.c">
      <Filter>apx\common\src</Filter>
    </ClCompile>
    <ClCompile Include="..\..\..\..\apx\common\src\apx_portDataBuffer.c">
      <Filter>apx\common\src</Filter>
    </ClCompile>
    <ClCompile Include="..\..\..\..\apx\common\src\apx_portDataMap.c">
      <Filter>apx\common\src</Filter>
    </ClCompile>
    <ClCompile Include="..\..\..\..\apx\common\src\apx_portref.c">
      <Filter>apx\common\src</Filter>
    </ClCompile>
    <ClCompile Include="..\..\..\..\apx\common\src\apx_router.c">
      <Filter>apx\common\src</Filter>
    </ClCompile>
    <ClCompile Include="..\..\..\..\apx\common\src\apx_routerPortMapEntry.c">
      <Filter>apx\common\src</Filter>
    </ClCompile>
    <ClCompile Include="..\..\..\..\apx\common\src\apx_stream.c">
      <Filter>apx\common\src</Filter>
    </ClCompile>
    <ClCompile Include="..\..\..\..\apx\common\src\filestream.c">
      <Filter>apx\common\src</Filter>
    </ClCompile>
    <ClCompile Include="..\..\..\..\apx\client\src\apx_client.c">
      <Filter>apx\client\src</Filter>
    </ClCompile>
    <ClCompile Include="..\..\..\..\apx\client\src\apx_clientConnection.c">
      <Filter>apx\client\src</Filter>
    </ClCompile>
    <ClCompile Include="..\..\..\..\adt\src\adt_ary.c">
      <Filter>adt\src</Filter>
    </ClCompile>
    <ClCompile Include="..\..\..\..\adt\src\adt_bytearray.c">
      <Filter>adt\src</Filter>
    </ClCompile>
    <ClCompile Include="..\..\..\..\adt\src\adt_hash.c">
      <Filter>adt\src</Filter>
    </ClCompile>
    <ClCompile Include="..\..\..\..\adt\src\adt_heap.c">
      <Filter>adt\src</Filter>
    </ClCompile>
    <ClCompile Include="..\..\..\..\adt\src\adt_list.c">
      <Filter>adt\src</Filter>
    </ClCompile>
    <ClCompile Include="..\..\..\..\adt\src\adt_stack.c">
      <Filter>adt\src</Filter>
    </ClCompile>
    <ClCompile Include="..\..\..\..\adt\src\adt_str.c">
      <Filter>adt\src</Filter>
    </ClCompile>
    <ClCompile Include="..\..\..\..\adt\src\adt_u16Map.c">
      <Filter>adt\src</Filter>
    </ClCompile>
    <ClCompile Include="..\..\..\..\dtl_type\src\dtl_av.c">
      <Filter>dtl_type\src</Filter>
    </ClCompile>
    <ClCompile Include="..\..\..\..\dtl_type\src\dtl_dv.c">
      <Filter>dtl_type\src</Filter>
    </ClCompile>
    <ClCompile Include="..\..\..\..\dtl_type\src\dtl_hv.c">
      <Filter>dtl_type\src</Filter>
    </ClCompile>
    <ClCompile Include="..\..\..\..\dtl_type\src\dtl_sv.c">
      <Filter>dtl_type\src</Filter>
    </ClCompile>
    <ClCompile Include="..\..\..\..\bstr\src\bstr.c">
      <Filter>bstr\src</Filter>
    </ClCompile>
  </ItemGroup>
</Project>