<?xml version="1.0" encoding="utf-8"?>
<Project ToolsVersion="4.0" xmlns="http://schemas.microsoft.com/developer/msbuild/2003">
  <ItemGroup>
    <Filter Include="os">
      <UniqueIdentifier>{a687edcf-15aa-4e16-8da2-5c6aa34600c6}</UniqueIdentifier>
    </Filter>
    <Filter Include="os\inc">
      <UniqueIdentifier>{30e2c266-7b9d-4977-870b-0473fc435885}</UniqueIdentifier>
    </Filter>
    <Filter Include="os\src">
      <UniqueIdentifier>{dd52f984-0175-4d4f-85b0-f85d344856e6}</UniqueIdentifier>
    </Filter>
  </ItemGroup>
  <ItemGroup>
    <ClInclude Include="..\..\..\..\autosar\os\inc\os_event.h">
      <Filter>os\inc</Filter>
    </ClInclude>
    <ClInclude Include="..\..\..\..\autosar\os\inc\os_schm.h">
      <Filter>os\inc</Filter>
    </ClInclude>
    <ClInclude Include="..\..\..\..\autosar\os\inc\os_task.h">
      <Filter>os\inc</Filter>
    </ClInclude>
    <ClInclude Include="..\..\..\..\autosar\os\inc\priority_queue.h">
      <Filter>os\inc</Filter>
    </ClInclude>
    <ClInclude Include="..\..\..\..\autosar\os\inc\systime.h">
      <Filter>os\inc</Filter>
    </ClInclude>
    <ClInclude Include="..\..\..\..\autosar\os\inc\os_types.h">
      <Filter>os\inc</Filter>
    </ClInclude>
  </ItemGroup>
  <ItemGroup>
    <ClCompile Include="..\..\..\..\autosar\os\src\os_schm.c">
      <Filter>os\src</Filter>
    </ClCompile>
    <ClCompile Include="..\..\..\..\autosar\os\src\os_task.c">
      <Filter>os\src</Filter>
    </ClCompile>
    <ClCompile Include="..\..\..\..\autosar\os\src\priority_queue.c">
      <Filter>os\src</Filter>
    </ClCompile>
    <ClCompile Include="..\..\..\..\autosar\os\src\systime_wl.c">
      <Filter>os\src</Filter>
    </ClCompile>
  </ItemGroup>
</Project>