<?xml version="1.0" encoding="utf-8"?>
<Project ToolsVersion="4.0" xmlns="http://schemas.microsoft.com/developer/msbuild/2003">
  <ItemGroup>
    <Filter Include="include">
      <UniqueIdentifier>{b9abf283-3df1-41b2-91c0-249208fbdeba}</UniqueIdentifier>
    </Filter>
    <Filter Include="src">
      <UniqueIdentifier>{381f0052-88fb-4eff-a9d7-67e50520c147}</UniqueIdentifier>
    </Filter>
  </ItemGroup>
  <ItemGroup>
    <ClInclude Include="..\..\..\..\extension\apx_monitor_extension\include\apx\extension\monitor_extension.h">
      <Filter>include</Filter>
    </ClInclude>
    <ClInclude Include="..\..\..\..\extension\apx_monitor_extension\include\apx\extension\observed_connection.h">
      <Filter>include</Filter>
    </ClInclude>
    <ClInclude Include="..\..\..\..\extension\apx_monitor_extension\include\apx\extension\observed_file.h">
      <Filter>include</Filter>
    </ClInclude>
    <ClInclude Include="..\..\..\..\extension\apx_monitor_extension\include\apx\extension\server_monitor.h">
      <Filter>include</Filter>
    </ClInclude>
  </ItemGroup>
  <ItemGroup>
    <ClCompile Include="..\..\..\..\extension\apx_monitor_extension\src\monitor_extension.c">
      <Filter>src</Filter>
    </ClCompile>
    <ClCompile Include="..\..\..\..\extension\apx_monitor_extension\src\observed_connection.c">
      <Filter>src</Filter>
    </ClCompile>
    <ClCompile Include="..\..\..\..\extension\apx_monitor_extension\src\observed_file.c">
      <Filter>src</Filter>
    </ClCompile>
    <ClCompile Include="..\..\..\..\extension\apx_monitor_extension\src\server_monitor.c">
      <Filter>src</Filter>
    </ClCompile>
  </ItemGroup>
</Project>