<?xml version="1.0" encoding="utf-8"?>
<Project ToolsVersion="4.0" xmlns="http://schemas.microsoft.com/developer/msbuild/2003">
  <ItemGroup>
    <Filter Include="adt">
      <UniqueIdentifier>{0a228c65-2731-481f-8f11-211d4cd765e5}</UniqueIdentifier>
    </Filter>
    <Filter Include="adt\inc">
      <UniqueIdentifier>{a912ea1f-c8a5-438c-8979-652c194c58d5}</UniqueIdentifier>
    </Filter>
    <Filter Include="adt\src">
      <UniqueIdentifier>{87512fa0-954f-4825-bcb6-fa9ea2f977a1}</UniqueIdentifier>
    </Filter>
    <Filter Include="npipe">
      <UniqueIdentifier>{4fd4c66d-cbce-4cd4-be7e-7bdde1b257bf}</UniqueIdentifier>
    </Filter>
    <Filter Include="npipe\inc">
      <UniqueIdentifier>{ec416bb9-62b7-49da-b04c-1c1d0dbb29e8}</UniqueIdentifier>
    </Filter>
    <Filter Include="npipe\src">
      <UniqueIdentifier>{b40e89f3-8242-48fa-b2bd-0c955f7a1021}</UniqueIdentifier>
    </Filter>
    <Filter Include="util">
      <UniqueIdentifier>{ea4ce7e6-b96e-4f4a-b1dd-0fbf875d4d47}</UniqueIdentifier>
    </Filter>
    <Filter Include="util\inc">
      <UniqueIdentifier>{abfc1942-20b4-4c1c-b99c-5b21feb4e4fd}</UniqueIdentifier>
    </Filter>
    <Filter Include="util\src">
      <UniqueIdentifier>{dfd85273-c7a4-442b-9648-a601c3a73046}</UniqueIdentifier>
    </Filter>
    <Filter Include="main">
      <UniqueIdentifier>{a2c8089c-9784-4bdd-9082-266a217a25d1}</UniqueIdentifier>
    </Filter>
  </ItemGroup>
  <ItemGroup>
    <ClInclude Include="..\..\..\..\adt\inc\adt_ary.h">
      <Filter>adt\inc</Filter>
    </ClInclude>
    <ClInclude Include="..\..\..\..\adt\inc\adt_bytearray.h">
      <Filter>adt\inc</Filter>
    </ClInclude>
    <ClInclude Include="..\..\..\..\adt\inc\adt_list.h">
      <Filter>adt\inc</Filter>
    </ClInclude>
    <ClInclude Include="..\..\..\..\npipe\inc\npipe.h">
      <Filter>npipe\inc</Filter>
    </ClInclude>
    <ClInclude Include="..\..\..\..\util\inc\headerutil.h">
      <Filter>util\inc</Filter>
    </ClInclude>
    <ClInclude Include="..\..\..\..\util\inc\msc_bool.h">
      <Filter>util\inc</Filter>
    </ClInclude>
    <ClInclude Include="..\..\..\..\util\inc\pack.h">
      <Filter>util\inc</Filter>
    </ClInclude>
    <ClInclude Include="..\..\..\..\util\inc\optparse.h">
      <Filter>util\inc</Filter>
    </ClInclude>
  </ItemGroup>
  <ItemGroup>
    <ClCompile Include="..\..\..\..\adt\src\adt_ary.c">
      <Filter>adt\src</Filter>
    </ClCompile>
    <ClCompile Include="..\..\..\..\adt\src\adt_bytearray.c">
      <Filter>adt\src</Filter>
    </ClCompile>
    <ClCompile Include="..\..\..\..\adt\src\adt_list.c">
      <Filter>adt\src</Filter>
    </ClCompile>
    <ClCompile Include="..\..\..\..\npipe\src\npipe.c">
      <Filter>npipe\src</Filter>
    </ClCompile>
    <ClCompile Include="..\..\..\..\util\src\headerutil.c">
      <Filter>util\src</Filter>
    </ClCompile>
    <ClCompile Include="..\..\..\..\util\src\pack.c">
      <Filter>util\src</Filter>
    </ClCompile>
    <ClCompile Include="..\..\..\..\util\src\optparse.c">
      <Filter>util\src</Filter>
    </ClCompile>
    <ClCompile Include="test_client.c">
      <Filter>main</Filter>
    </ClCompile>
  </ItemGroup>
</Project>