
Microsoft Visual Studio Solution File, Format Version 12.00
# Visual Studio 14
VisualStudioVersion = 14.0.25420.1
MinimumVisualStudioVersion = 10.0.40219.1
Project("{8BC9CEB8-8B4A-11D0-8D11-00A0C91BC942}") = "apx_server", "apx_server\apx_server.vcxproj", "{4A5E3075-F203-4D24-A580-636DB0F523C0}"
EndProject
Project("{8BC9CEB8-8B4A-11D0-8D11-00A0C91BC942}") = "apx_unit", "apx_unit\apx_unit.vcxproj", "{2275CCE5-BA66-48A4-83CA-255648EDE5D9}"
EndProject
Project("{8BC9CEB8-8B4A-11D0-8D11-00A0C91BC942}") = "apx_pipe", "apx_pipe\apx_pipe.vcxproj", "{1C952FE3-9B0E-4E34-B5F0-8965FD3708AB}"
EndProject
Project("{8BC9CEB8-8B4A-11D0-8D11-00A0C91BC942}") = "apx_pipe_test_client", "apx_pipe_test_client\apx_pipe_test_client.vcxproj", "{46C058E0-AF16-4338-BC48-AEAC87E43D1F}"
EndProject
Project("{8BC9CEB8-8B4A-11D0-8D11-00A0C91BC942}") = "apx_client", "apx_client\apx_client.vcxproj", "{72BB1B85-BB76-4DA2-96F0-D2314E2F3D88}"
EndProject
Project("{8BC9CEB8-8B4A-11D0-8D11-00A0C91BC942}") = "apx_os", "apx_os\apx_os.vcxproj", "{D30031C2-BB6A-4E65-9F17-AB659DA471BC}"
EndProject
Global
	GlobalSection(SolutionConfigurationPlatforms) = preSolution
		Debug|x64 = Debug|x64
		Debug|x86 = Debug|x86
		Release|x64 = Release|x64
		Release|x86 = Release|x86
	EndGlobalSection
	GlobalSection(ProjectConfigurationPlatforms) = postSolution
		{4A5E3075-F203-4D24-A580-636DB0F523C0}.Debug|x64.ActiveCfg = Debug|x64
		{4A5E3075-F203-4D24-A580-636DB0F523C0}.Debug|x64.Build.0 = Debug|x64
		{4A5E3075-F203-4D24-A580-636DB0F523C0}.Debug|x86.ActiveCfg = Debug|Win32
		{4A5E3075-F203-4D24-A580-636DB0F523C0}.Debug|x86.Build.0 = Debug|Win32
		{4A5E3075-F203-4D24-A580-636DB0F523C0}.Release|x64.ActiveCfg = Release|x64
		{4A5E3075-F203-4D24-A580-636DB0F523C0}.Release|x64.Build.0 = Release|x64
		{4A5E3075-F203-4D24-A580-636DB0F523C0}.Release|x86.ActiveCfg = Release|Win32
		{4A5E3075-F203-4D24-A580-636DB0F523C0}.Release|x86.Build.0 = Release|Win32
		{2275CCE5-BA66-48A4-83CA-255648EDE5D9}.Debug|x64.ActiveCfg = Debug|x64
		{2275CCE5-BA66-48A4-83CA-255648EDE5D9}.Debug|x64.Build.0 = Debug|x64
		{2275CCE5-BA66-48A4-83CA-255648EDE5D9}.Debug|x86.ActiveCfg = Debug|Win32
		{2275CCE5-BA66-48A4-83CA-255648EDE5D9}.Debug|x86.Build.0 = Debug|Win32
		{2275CCE5-BA66-48A4-83CA-255648EDE5D9}.Release|x64.ActiveCfg = Release|x64
		{2275CCE5-BA66-48A4-83CA-255648EDE5D9}.Release|x64.Build.0 = Release|x64
		{2275CCE5-BA66-48A4-83CA-255648EDE5D9}.Release|x86.ActiveCfg = Release|Win32
		{2275CCE5-BA66-48A4-83CA-255648EDE5D9}.Release|x86.Build.0 = Release|Win32
		{1C952FE3-9B0E-4E34-B5F0-8965FD3708AB}.Debug|x64.ActiveCfg = Debug|x64
		{1C952FE3-9B0E-4E34-B5F0-8965FD3708AB}.Debug|x64.Build.0 = Debug|x64
		{1C952FE3-9B0E-4E34-B5F0-8965FD3708AB}.Debug|x86.ActiveCfg = Debug|Win32
		{1C952FE3-9B0E-4E34-B5F0-8965FD3708AB}.Debug|x86.Build.0 = Debug|Win32
		{1C952FE3-9B0E-4E34-B5F0-8965FD3708AB}.Release|x64.ActiveCfg = Release|x64
		{1C952FE3-9B0E-4E34-B5F0-8965FD3708AB}.Release|x64.Build.0 = Release|x64
		{1C952FE3-9B0E-4E34-B5F0-8965FD3708AB}.Release|x86.ActiveCfg = Release|Win32
		{1C952FE3-9B0E-4E34-B5F0-8965FD3708AB}.Release|x86.Build.0 = Release|Win32
		{46C058E0-AF16-4338-BC48-AEAC87E43D1F}.Debug|x64.ActiveCfg = Debug|x64
		{46C058E0-AF16-4338-BC48-AEAC87E43D1F}.Debug|x64.Build.0 = Debug|x64
		{46C058E0-AF16-4338-BC48-AEAC87E43D1F}.Debug|x86.ActiveCfg = Debug|Win32
		{46C058E0-AF16-4338-BC48-AEAC87E43D1F}.Debug|x86.Build.0 = Debug|Win32
		{46C058E0-AF16-4338-BC48-AEAC87E43D1F}.Release|x64.ActiveCfg = Release|x64
		{46C058E0-AF16-4338-BC48-AEAC87E43D1F}.Release|x64.Build.0 = Release|x64
		{46C058E0-AF16-4338-BC48-AEAC87E43D1F}.Release|x86.ActiveCfg = Release|Win32
		{46C058E0-AF16-4338-BC48-AEAC87E43D1F}.Release|x86.Build.0 = Release|Win32
		{72BB1B85-BB76-4DA2-96F0-D2314E2F3D88}.Debug|x64.ActiveCfg = Debug|Win32
		{72BB1B85-BB76-4DA2-96F0-D2314E2F3D88}.Debug|x86.ActiveCfg = Debug|Win32
		{72BB1B85-BB76-4DA2-96F0-D2314E2F3D88}.Debug|x86.Build.0 = Debug|Win32
		{72BB1B85-BB76-4DA2-96F0-D2314E2F3D88}.Release|x64.ActiveCfg = Release|Win32
		{72BB1B85-BB76-4DA2-96F0-D2314E2F3D88}.Release|x86.ActiveCfg = Release|Win32
		{72BB1B85-BB76-4DA2-96F0-D2314E2F3D88}.Release|x86.Build.0 = Release|Win32
		{D30031C2-BB6A-4E65-9F17-AB659DA471BC}.Debug|x64.ActiveCfg = Debug|x64
		{D30031C2-BB6A-4E65-9F17-AB659DA471BC}.Debug|x64.Build.0 = Debug|x64
		{D30031C2-BB6A-4E65-9F17-AB659DA471BC}.Debug|x86.ActiveCfg = Debug|Win32
		{D30031C2-BB6A-4E65-9F17-AB659DA471BC}.Debug|x86.Build.0 = Debug|Win32
		{D30031C2-BB6A-4E65-9F17-AB659DA471BC}.Release|x64.ActiveCfg = Release|x64
		{D30031C2-BB6A-4E65-9F17-AB659DA471BC}.Release|x64.Build.0 = Release|x64
		{D30031C2-BB6A-4E65-9F17-AB659DA471BC}.Release|x86.ActiveCfg = Release|Win32
		{D30031C2-BB6A-4E65-9F17-AB659DA471BC}.Release|x86.Build.0 = Release|Win32
	EndGlobalSection
	GlobalSection(SolutionProperties) = preSolution
		HideSolutionNode = FALSE
	EndGlobalSection
EndGlobal
