
Microsoft Visual Studio Solution File, Format Version 12.00
# Visual Studio Version 16
VisualStudioVersion = 16.0.30717.126
MinimumVisualStudioVersion = 10.0.40219.1
Project("{8BC9CEB8-8B4A-11D0-8D11-00A0C91BC942}") = "apx_unit", "apx_unit\apx_unit.vcxproj", "{3C934A48-E5B7-4CBC-9E26-C605E3BC36B2}"
EndProject
Project("{8BC9CEB8-8B4A-11D0-8D11-00A0C91BC942}") = "apx_static_lib", "apx_static_lib\apx_static_lib.vcxproj", "{6AE3B614-5F71-4A38-AF99-896B9BF05EAC}"
EndProject
Project("{8BC9CEB8-8B4A-11D0-8D11-00A0C91BC942}") = "apx_socket_extension", "apx_socket_extension\apx_socket_extension.vcxproj", "{0C7BF65A-08E0-4D7A-985C-246E14F3C7B6}"
	ProjectSection(ProjectDependencies) = postProject
		{6AE3B614-5F71-4A38-AF99-896B9BF05EAC} = {6AE3B614-5F71-4A38-AF99-896B9BF05EAC}
	EndProjectSection
EndProject
Project("{8BC9CEB8-8B4A-11D0-8D11-00A0C91BC942}") = "apx_server", "apx_server\apx_server.vcxproj", "{38AA213C-8AF2-45F7-BE7C-786BC3C99E5A}"
	ProjectSection(ProjectDependencies) = postProject
		{6AE3B614-5F71-4A38-AF99-896B9BF05EAC} = {6AE3B614-5F71-4A38-AF99-896B9BF05EAC}
		{FE289517-A9AE-47BF-8E4A-1A466C3BC853} = {FE289517-A9AE-47BF-8E4A-1A466C3BC853}
		{0C7BF65A-08E0-4D7A-985C-246E14F3C7B6} = {0C7BF65A-08E0-4D7A-985C-246E14F3C7B6}
	EndProjectSection
EndProject
Project("{8BC9CEB8-8B4A-11D0-8D11-00A0C91BC942}") = "apx_node", "apx_node\apx_node.vcxproj", "{DBDAC594-40FE-44E3-95AF-3349A56CF3E5}"
	ProjectSection(ProjectDependencies) = postProject
		{6AE3B614-5F71-4A38-AF99-896B9BF05EAC} = {6AE3B614-5F71-4A38-AF99-896B9BF05EAC}
	EndProjectSection
EndProject
Project("{8BC9CEB8-8B4A-11D0-8D11-00A0C91BC942}") = "apx_control", "apx_control\apx_control.vcxproj", "{89A5D8C8-15F5-4733-AC05-AB0F43EB2CB1}"
	ProjectSection(ProjectDependencies) = postProject
		{6AE3B614-5F71-4A38-AF99-896B9BF05EAC} = {6AE3B614-5F71-4A38-AF99-896B9BF05EAC}
	EndProjectSection
EndProject
Project("{8BC9CEB8-8B4A-11D0-8D11-00A0C91BC942}") = "apx_info", "apx_info\apx_info.vcxproj", "{5250999F-46CD-4ADA-BBF6-38C5AEF31C8A}"
	ProjectSection(ProjectDependencies) = postProject
		{6AE3B614-5F71-4A38-AF99-896B9BF05EAC} = {6AE3B614-5F71-4A38-AF99-896B9BF05EAC}
	EndProjectSection
EndProject
Project("{8BC9CEB8-8B4A-11D0-8D11-00A0C91BC942}") = "apx_text_log_extension", "apx_text_log_extension\apx_text_log_extension.vcxproj", "{FE289517-A9AE-47BF-8E4A-1A466C3BC853}"
EndProject
Global
	GlobalSection(SolutionConfigurationPlatforms) = preSolution
		Debug|x64 = Debug|x64
		Debug|x86 = Debug|x86
		Release|x64 = Release|x64
		Release|x86 = Release|x86
	EndGlobalSection
	GlobalSection(ProjectConfigurationPlatforms) = postSolution
		{3C934A48-E5B7-4CBC-9E26-C605E3BC36B2}.Debug|x64.ActiveCfg = Debug|x64
		{3C934A48-E5B7-4CBC-9E26-C605E3BC36B2}.Debug|x64.Build.0 = Debug|x64
		{3C934A48-E5B7-4CBC-9E26-C605E3BC36B2}.Debug|x86.ActiveCfg = Debug|Win32
		{3C934A48-E5B7-4CBC-9E26-C605E3BC36B2}.Debug|x86.Build.0 = Debug|Win32
		{3C934A48-E5B7-4CBC-9E26-C605E3BC36B2}.Release|x64.ActiveCfg = Release|x64
		{3C934A48-E5B7-4CBC-9E26-C605E3BC36B2}.Release|x64.Build.0 = Release|x64
		{3C934A48-E5B7-4CBC-9E26-C605E3BC36B2}.Release|x86.ActiveCfg = Release|Win32
		{3C934A48-E5B7-4CBC-9E26-C605E3BC36B2}.Release|x86.Build.0 = Release|Win32
		{6AE3B614-5F71-4A38-AF99-896B9BF05EAC}.Debug|x64.ActiveCfg = Debug|x64
		{6AE3B614-5F71-4A38-AF99-896B9BF05EAC}.Debug|x64.Build.0 = Debug|x64
		{6AE3B614-5F71-4A38-AF99-896B9BF05EAC}.Debug|x86.ActiveCfg = Debug|Win32
		{6AE3B614-5F71-4A38-AF99-896B9BF05EAC}.Debug|x86.Build.0 = Debug|Win32
		{6AE3B614-5F71-4A38-AF99-896B9BF05EAC}.Release|x64.ActiveCfg = Release|x64
		{6AE3B614-5F71-4A38-AF99-896B9BF05EAC}.Release|x64.Build.0 = Release|x64
		{6AE3B614-5F71-4A38-AF99-896B9BF05EAC}.Release|x86.ActiveCfg = Release|Win32
		{6AE3B614-5F71-4A38-AF99-896B9BF05EAC}.Release|x86.Build.0 = Release|Win32
		{0C7BF65A-08E0-4D7A-985C-246E14F3C7B6}.Debug|x64.ActiveCfg = Debug|x64
		{0C7BF65A-08E0-4D7A-985C-246E14F3C7B6}.Debug|x64.Build.0 = Debug|x64
		{0C7BF65A-08E0-4D7A-985C-246E14F3C7B6}.Debug|x86.ActiveCfg = Debug|Win32
		{0C7BF65A-08E0-4D7A-985C-246E14F3C7B6}.Debug|x86.Build.0 = Debug|Win32
		{0C7BF65A-08E0-4D7A-985C-246E14F3C7B6}.Release|x64.ActiveCfg = Release|x64
		{0C7BF65A-08E0-4D7A-985C-246E14F3C7B6}.Release|x64.Build.0 = Release|x64
		{0C7BF65A-08E0-4D7A-985C-246E14F3C7B6}.Release|x86.ActiveCfg = Release|Win32
		{0C7BF65A-08E0-4D7A-985C-246E14F3C7B6}.Release|x86.Build.0 = Release|Win32
		{38AA213C-8AF2-45F7-BE7C-786BC3C99E5A}.Debug|x64.ActiveCfg = Debug|x64
		{38AA213C-8AF2-45F7-BE7C-786BC3C99E5A}.Debug|x64.Build.0 = Debug|x64
		{38AA213C-8AF2-45F7-BE7C-786BC3C99E5A}.Debug|x86.ActiveCfg = Debug|Win32
		{38AA213C-8AF2-45F7-BE7C-786BC3C99E5A}.Debug|x86.Build.0 = Debug|Win32
		{38AA213C-8AF2-45F7-BE7C-786BC3C99E5A}.Release|x64.ActiveCfg = Release|x64
		{38AA213C-8AF2-45F7-BE7C-786BC3C99E5A}.Release|x64.Build.0 = Release|x64
		{38AA213C-8AF2-45F7-BE7C-786BC3C99E5A}.Release|x86.ActiveCfg = Release|Win32
		{38AA213C-8AF2-45F7-BE7C-786BC3C99E5A}.Release|x86.Build.0 = Release|Win32
		{DBDAC594-40FE-44E3-95AF-3349A56CF3E5}.Debug|x64.ActiveCfg = Debug|x64
		{DBDAC594-40FE-44E3-95AF-3349A56CF3E5}.Debug|x64.Build.0 = Debug|x64
		{DBDAC594-40FE-44E3-95AF-3349A56CF3E5}.Debug|x86.ActiveCfg = Debug|Win32
		{DBDAC594-40FE-44E3-95AF-3349A56CF3E5}.Debug|x86.Build.0 = Debug|Win32
		{DBDAC594-40FE-44E3-95AF-3349A56CF3E5}.Release|x64.ActiveCfg = Release|x64
		{DBDAC594-40FE-44E3-95AF-3349A56CF3E5}.Release|x64.Build.0 = Release|x64
		{DBDAC594-40FE-44E3-95AF-3349A56CF3E5}.Release|x86.ActiveCfg = Release|Win32
		{DBDAC594-40FE-44E3-95AF-3349A56CF3E5}.Release|x86.Build.0 = Release|Win32
		{89A5D8C8-15F5-4733-AC05-AB0F43EB2CB1}.Debug|x64.ActiveCfg = Debug|x64
		{89A5D8C8-15F5-4733-AC05-AB0F43EB2CB1}.Debug|x64.Build.0 = Debug|x64
		{89A5D8C8-15F5-4733-AC05-AB0F43EB2CB1}.Debug|x86.ActiveCfg = Debug|Win32
		{89A5D8C8-15F5-4733-AC05-AB0F43EB2CB1}.Debug|x86.Build.0 = Debug|Win32
		{89A5D8C8-15F5-4733-AC05-AB0F43EB2CB1}.Release|x64.ActiveCfg = Release|x64
		{89A5D8C8-15F5-4733-AC05-AB0F43EB2CB1}.Release|x64.Build.0 = Release|x64
		{89A5D8C8-15F5-4733-AC05-AB0F43EB2CB1}.Release|x86.ActiveCfg = Release|Win32
		{89A5D8C8-15F5-4733-AC05-AB0F43EB2CB1}.Release|x86.Build.0 = Release|Win32
		{5250999F-46CD-4ADA-BBF6-38C5AEF31C8A}.Debug|x64.ActiveCfg = Debug|x64
		{5250999F-46CD-4ADA-BBF6-38C5AEF31C8A}.Debug|x64.Build.0 = Debug|x64
		{5250999F-46CD-4ADA-BBF6-38C5AEF31C8A}.Debug|x86.ActiveCfg = Debug|Win32
		{5250999F-46CD-4ADA-BBF6-38C5AEF31C8A}.Debug|x86.Build.0 = Debug|Win32
		{5250999F-46CD-4ADA-BBF6-38C5AEF31C8A}.Release|x64.ActiveCfg = Release|x64
		{5250999F-46CD-4ADA-BBF6-38C5AEF31C8A}.Release|x64.Build.0 = Release|x64
		{5250999F-46CD-4ADA-BBF6-38C5AEF31C8A}.Release|x86.ActiveCfg = Release|Win32
		{5250999F-46CD-4ADA-BBF6-38C5AEF31C8A}.Release|x86.Build.0 = Release|Win32
		{FE289517-A9AE-47BF-8E4A-1A466C3BC853}.Debug|x64.ActiveCfg = Debug|x64
		{FE289517-A9AE-47BF-8E4A-1A466C3BC853}.Debug|x64.Build.0 = Debug|x64
		{FE289517-A9AE-47BF-8E4A-1A466C3BC853}.Debug|x86.ActiveCfg = Debug|Win32
		{FE289517-A9AE-47BF-8E4A-1A466C3BC853}.Debug|x86.Build.0 = Debug|Win32
		{FE289517-A9AE-47BF-8E4A-1A466C3BC853}.Release|x64.ActiveCfg = Release|x64
		{FE289517-A9AE-47BF-8E4A-1A466C3BC853}.Release|x64.Build.0 = Release|x64
		{FE289517-A9AE-47BF-8E4A-1A466C3BC853}.Release|x86.ActiveCfg = Release|Win32
		{FE289517-A9AE-47BF-8E4A-1A466C3BC853}.Release|x86.Build.0 = Release|Win32
	EndGlobalSection
	GlobalSection(SolutionProperties) = preSolution
		HideSolutionNode = FALSE
	EndGlobalSection
	GlobalSection(ExtensibilityGlobals) = postSolution
		SolutionGuid = {349594B4-B3F8-4DE3-8786-CAF74A4E0DEC}
	EndGlobalSection
EndGlobal
