
Microsoft Visual Studio Solution File, Format Version 12.00
# Visual Studio Express 14 for Windows Desktop
VisualStudioVersion = 14.0.25420.1
MinimumVisualStudioVersion = 10.0.40219.1
Project("{8BC9CEB8-8B4A-11D0-8D11-00A0C91BC942}") = "apx_server", "apx_server\apx_server.vcxproj", "{4A5E3075-F203-4D24-A580-636DB0F523C0}"
EndProject
Project("{8BC9CEB8-8B4A-11D0-8D11-00A0C91BC942}") = "apx_unit", "apx_unit\apx_unit.vcxproj", "{2275CCE5-BA66-48A4-83CA-255648EDE5D9}"
EndProject
Global
	GlobalSection(SolutionConfigurationPlatforms) = preSolution
		Debug|x64 = Debug|x64
		Debug|x86 = Debug|x86
		Release|x64 = Release|x64
		Release|x86 = Release|x86
	EndGlobalSection
	GlobalSection(ProjectConfigurationPlatforms) = postSolution
		{4A5E3075-F203-4D24-A580-636DB0F523C0}.Debug|x64.ActiveCfg = Debug|x64
		{4A5E3075-F203-4D24-A580-636DB0F523C0}.Debug|x64.Build.0 = Debug|x64
		{4A5E3075-F203-4D24-A580-636DB0F523C0}.Debug|x86.ActiveCfg = Debug|Win32
		{4A5E3075-F203-4D24-A580-636DB0F523C0}.Debug|x86.Build.0 = Debug|Win32
		{4A5E3075-F203-4D24-A580-636DB0F523C0}.Release|x64.ActiveCfg = Release|x64
		{4A5E3075-F203-4D24-A580-636DB0F523C0}.Release|x64.Build.0 = Release|x64
		{4A5E3075-F203-4D24-A580-636DB0F523C0}.Release|x86.ActiveCfg = Release|Win32
		{4A5E3075-F203-4D24-A580-636DB0F523C0}.Release|x86.Build.0 = Release|Win32
		{2275CCE5-BA66-48A4-83CA-255648EDE5D9}.Debug|x64.ActiveCfg = Debug|x64
		{2275CCE5-BA66-48A4-83CA-255648EDE5D9}.Debug|x64.Build.0 = Debug|x64
		{2275CCE5-BA66-48A4-83CA-255648EDE5D9}.Debug|x86.ActiveCfg = Debug|Win32
		{2275CCE5-BA66-48A4-83CA-255648EDE5D9}.Debug|x86.Build.0 = Debug|Win32
		{2275CCE5-BA66-48A4-83CA-255648EDE5D9}.Release|x64.ActiveCfg = Release|x64
		{2275CCE5-BA66-48A4-83CA-255648EDE5D9}.Release|x64.Build.0 = Release|x64
		{2275CCE5-BA66-48A4-83CA-255648EDE5D9}.Release|x86.ActiveCfg = Release|Win32
		{2275CCE5-BA66-48A4-83CA-255648EDE5D9}.Release|x86.Build.0 = Release|Win32
	EndGlobalSection
	GlobalSection(SolutionProperties) = preSolution
		HideSolutionNode = FALSE
	EndGlobalSection
EndGlobal
