<?xml version="1.0" encoding="utf-8"?>
<Project ToolsVersion="4.0" xmlns="http://schemas.microsoft.com/developer/msbuild/2003">
  <ItemGroup>
    <Filter Include="adt">
      <UniqueIdentifier>{3743fb3d-292f-46c9-abc3-e30236445e0d}</UniqueIdentifier>
    </Filter>
    <Filter Include="apx">
      <UniqueIdentifier>{faede8b3-e78c-4d62-a529-7c62e3fb83df}</UniqueIdentifier>
    </Filter>
    <Filter Include="bstr">
      <UniqueIdentifier>{112bf7bf-5bc4-4440-9a82-780cf131ed06}</UniqueIdentifier>
    </Filter>
    <Filter Include="cutil">
      <UniqueIdentifier>{897a86e3-da76-46c5-a57a-e1973891a85f}</UniqueIdentifier>
    </Filter>
    <Filter Include="dtl_type">
      <UniqueIdentifier>{a5b0a0e6-baa1-4499-bbfa-75fbbb7484df}</UniqueIdentifier>
    </Filter>
    <Filter Include="dtl_json">
      <UniqueIdentifier>{a8de085e-00ca-4804-98b9-96c7df65c440}</UniqueIdentifier>
    </Filter>
    <Filter Include="msocket">
      <UniqueIdentifier>{f12d6f23-b937-4077-8fa8-fb4689f82012}</UniqueIdentifier>
    </Filter>
    <Filter Include="adt\include">
      <UniqueIdentifier>{20bb6321-bedb-477a-8922-b0c8217fbc7b}</UniqueIdentifier>
    </Filter>
    <Filter Include="adt\src">
      <UniqueIdentifier>{a0c6c5a5-98c4-4e67-a045-5b853cab7487}</UniqueIdentifier>
    </Filter>
    <Filter Include="apx\src">
      <UniqueIdentifier>{82950687-abf5-4e44-9a91-800664bac5dc}</UniqueIdentifier>
    </Filter>
    <Filter Include="bstr\include">
      <UniqueIdentifier>{e021b7c0-117c-4a00-bdea-70b7239b2084}</UniqueIdentifier>
    </Filter>
    <Filter Include="bstr\src">
      <UniqueIdentifier>{48c7d7cd-aef8-4f54-81d9-2cc513c55c9c}</UniqueIdentifier>
    </Filter>
    <Filter Include="dtl_type\include">
      <UniqueIdentifier>{6c560c0e-b156-4a4a-b3b4-17ddc80a9c9c}</UniqueIdentifier>
    </Filter>
    <Filter Include="dtl_type\src">
      <UniqueIdentifier>{4653a976-4341-4405-96f3-7de6568bc4ea}</UniqueIdentifier>
    </Filter>
    <Filter Include="cutil\include">
      <UniqueIdentifier>{77781c64-20c7-4944-af31-e584d1a36df9}</UniqueIdentifier>
    </Filter>
    <Filter Include="cutil\src">
      <UniqueIdentifier>{22d00ce9-0c9c-4a1d-9533-9f6c00ea22a8}</UniqueIdentifier>
    </Filter>
    <Filter Include="dtl_json\include">
      <UniqueIdentifier>{872f751a-6d8a-4537-9ff8-3290dd5e6d88}</UniqueIdentifier>
    </Filter>
    <Filter Include="dtl_json\src">
      <UniqueIdentifier>{f7e0e85d-37c3-4fa1-ac88-9aab49533646}</UniqueIdentifier>
    </Filter>
    <Filter Include="msocket\include">
      <UniqueIdentifier>{1cb47fe4-bc4e-4e6b-9035-b5d9b9529264}</UniqueIdentifier>
    </Filter>
    <Filter Include="msocket\src">
      <UniqueIdentifier>{29858726-2dd3-4560-a958-27fe449abc3e}</UniqueIdentifier>
    </Filter>
    <Filter Include="cutest">
      <UniqueIdentifier>{b4247233-4bff-4c58-ba97-31452a087a8d}</UniqueIdentifier>
    </Filter>
    <Filter Include="apx\test">
      <UniqueIdentifier>{0bd2e6be-2615-4737-9f0a-cc52cadf4ba6}</UniqueIdentifier>
    </Filter>
    <Filter Include="apx\src\extension">
      <UniqueIdentifier>{624c10ab-db5d-44fa-80ca-48e77cd873f0}</UniqueIdentifier>
    </Filter>
    <Filter Include="apx\test\extension">
      <UniqueIdentifier>{e53ca49b-9883-45e7-9aa1-befe2b3de9b6}</UniqueIdentifier>
    </Filter>
    <Filter Include="apx\include">
      <UniqueIdentifier>{0f299598-4ea3-4ec2-9a15-7b08fd618628}</UniqueIdentifier>
    </Filter>
    <Filter Include="apx\include\extension">
      <UniqueIdentifier>{efc81e5f-d55c-4a6a-ba60-b968421198d1}</UniqueIdentifier>
    </Filter>
    <Filter Include="app">
      <UniqueIdentifier>{06fb6c85-0ff1-4956-90b8-75fe245cde45}</UniqueIdentifier>
    </Filter>
    <Filter Include="app\apx_info">
      <UniqueIdentifier>{389637f1-3c06-4f91-ad41-8af31c61b197}</UniqueIdentifier>
    </Filter>
    <Filter Include="app\apx_info\include">
      <UniqueIdentifier>{e37bfd82-b7d6-4ce5-95d7-61195c493248}</UniqueIdentifier>
    </Filter>
    <Filter Include="app\apx_info\src">
      <UniqueIdentifier>{f7bfe775-ca16-48f7-a18c-437a03d9057e}</UniqueIdentifier>
    </Filter>
  </ItemGroup>
  <ItemGroup>
    <ClCompile Include="..\..\..\..\adt\src\adt_ary.c">
      <Filter>adt\src</Filter>
    </ClCompile>
    <ClCompile Include="..\..\..\..\adt\src\adt_bytearray.c">
      <Filter>adt\src</Filter>
    </ClCompile>
    <ClCompile Include="..\..\..\..\adt\src\adt_bytes.c">
      <Filter>adt\src</Filter>
    </ClCompile>
    <ClCompile Include="..\..\..\..\adt\src\adt_hash.c">
      <Filter>adt\src</Filter>
    </ClCompile>
    <ClCompile Include="..\..\..\..\adt\src\adt_list.c">
      <Filter>adt\src</Filter>
    </ClCompile>
    <ClCompile Include="..\..\..\..\adt\src\adt_ringbuf.c">
      <Filter>adt\src</Filter>
    </ClCompile>
    <ClCompile Include="..\..\..\..\adt\src\adt_set.c">
      <Filter>adt\src</Filter>
    </ClCompile>
    <ClCompile Include="..\..\..\..\adt\src\adt_stack.c">
      <Filter>adt\src</Filter>
    </ClCompile>
    <ClCompile Include="..\..\..\..\adt\src\adt_str.c">
      <Filter>adt\src</Filter>
    </ClCompile>
    <ClCompile Include="..\..\..\..\bstr\src\bstr.c">
      <Filter>bstr\src</Filter>
    </ClCompile>
    <ClCompile Include="..\..\..\..\dtl_type\src\dtl_av.c">
      <Filter>dtl_type\src</Filter>
    </ClCompile>
    <ClCompile Include="..\..\..\..\dtl_type\src\dtl_dv.c">
      <Filter>dtl_type\src</Filter>
    </ClCompile>
    <ClCompile Include="..\..\..\..\dtl_type\src\dtl_hv.c">
      <Filter>dtl_type\src</Filter>
    </ClCompile>
    <ClCompile Include="..\..\..\..\dtl_type\src\dtl_sv.c">
      <Filter>dtl_type\src</Filter>
    </ClCompile>
    <ClCompile Include="..\..\..\..\cutil\src\argparse.c">
      <Filter>cutil\src</Filter>
    </ClCompile>
    <ClCompile Include="..\..\..\..\cutil\src\CMemLeak.c">
      <Filter>cutil\src</Filter>
    </ClCompile>
    <ClCompile Include="..\..\..\..\cutil\src\filestream.c">
      <Filter>cutil\src</Filter>
    </ClCompile>
    <ClCompile Include="..\..\..\..\cutil\src\pack.c">
      <Filter>cutil\src</Filter>
    </ClCompile>
    <ClCompile Include="..\..\..\..\cutil\src\sha256.c">
      <Filter>cutil\src</Filter>
    </ClCompile>
    <ClCompile Include="..\..\..\..\cutil\src\soa.c">
      <Filter>cutil\src</Filter>
    </ClCompile>
    <ClCompile Include="..\..\..\..\cutil\src\soa_chunk.c">
      <Filter>cutil\src</Filter>
    </ClCompile>
    <ClCompile Include="..\..\..\..\cutil\src\soa_fsa.c">
      <Filter>cutil\src</Filter>
    </ClCompile>
    <ClCompile Include="..\..\..\..\cutil\cutest\CuTest.c">
      <Filter>cutest</Filter>
    </ClCompile>
    <ClCompile Include="..\..\..\..\msocket\src\msocket.c">
      <Filter>msocket\src</Filter>
    </ClCompile>
    <ClCompile Include="..\..\..\..\msocket\src\msocket_adt.c">
      <Filter>msocket\src</Filter>
    </ClCompile>
    <ClCompile Include="..\..\..\..\msocket\src\msocket_server.c">
      <Filter>msocket\src</Filter>
    </ClCompile>
    <ClCompile Include="..\..\..\..\msocket\src\osutil.c">
      <Filter>msocket\src</Filter>
    </ClCompile>
    <ClCompile Include="..\..\..\..\msocket\src\testsocket.c">
      <Filter>msocket\src</Filter>
    </ClCompile>
    <ClCompile Include="..\..\..\..\msocket\src\testsocket_spy.c">
      <Filter>msocket\src</Filter>
    </ClCompile>
    <ClCompile Include="..\..\..\..\dtl_json\src\dtl_json_reader.c">
      <Filter>dtl_json\src</Filter>
    </ClCompile>
    <ClCompile Include="..\..\..\..\dtl_json\src\dtl_json_writer.c">
      <Filter>dtl_json\src</Filter>
    </ClCompile>
    <ClCompile Include="..\..\..\..\apx\src\allocator.c">
      <Filter>apx\src</Filter>
    </ClCompile>
    <ClCompile Include="..\..\..\..\apx\src\attribute_parser.c">
      <Filter>apx\src</Filter>
    </ClCompile>
    <ClCompile Include="..\..\..\..\apx\src\byte_port_map.c">
      <Filter>apx\src</Filter>
    </ClCompile>
    <ClCompile Include="..\..\..\..\apx\src\client.c">
      <Filter>apx\src</Filter>
    </ClCompile>
    <ClCompile Include="..\..\..\..\apx\src\client_test_connection.c">
      <Filter>apx\src</Filter>
    </ClCompile>
    <ClCompile Include="..\..\..\..\apx\src\compiler.c">
      <Filter>apx\src</Filter>
    </ClCompile>
    <ClCompile Include="..\..\..\..\apx\src\connection_base.c">
      <Filter>apx\src</Filter>
    </ClCompile>
    <ClCompile Include="..\..\..\..\apx\src\connection_manager.c">
      <Filter>apx\src</Filter>
    </ClCompile>
    <ClCompile Include="..\..\..\..\apx\src\data_element.c">
      <Filter>apx\src</Filter>
    </ClCompile>
    <ClCompile Include="..\..\..\..\apx\src\data_signature.c">
      <Filter>apx\src</Filter>
    </ClCompile>
    <ClCompile Include="..\..\..\..\apx\src\data_type.c">
      <Filter>apx\src</Filter>
    </ClCompile>
    <ClCompile Include="..\..\..\..\apx\src\event.c">
      <Filter>apx\src</Filter>
    </ClCompile>
    <ClCompile Include="..\..\..\..\apx\src\event_listener.c">
      <Filter>apx\src</Filter>
    </ClCompile>
    <ClCompile Include="..\..\..\..\apx\src\event_loop.c">
      <Filter>apx\src</Filter>
    </ClCompile>
    <ClCompile Include="..\..\..\..\apx\src\file.c">
      <Filter>apx\src</Filter>
    </ClCompile>
    <ClCompile Include="..\..\..\..\apx\src\file_info.c">
      <Filter>apx\src</Filter>
    </ClCompile>
    <ClCompile Include="..\..\..\..\apx\src\file_manager.c">
      <Filter>apx\src</Filter>
    </ClCompile>
    <ClCompile Include="..\..\..\..\apx\src\file_manager_receiver.c">
      <Filter>apx\src</Filter>
    </ClCompile>
    <ClCompile Include="..\..\..\..\apx\src\file_manager_shared.c">
      <Filter>apx\src</Filter>
    </ClCompile>
    <ClCompile Include="..\..\..\..\apx\src\file_manager_worker.c">
      <Filter>apx\src</Filter>
    </ClCompile>
    <ClCompile Include="..\..\..\..\apx\src\file_map.c">
      <Filter>apx\src</Filter>
    </ClCompile>
    <ClCompile Include="..\..\..\..\apx\src\node.c">
      <Filter>apx\src</Filter>
    </ClCompile>
    <ClCompile Include="..\..\..\..\apx\src\node_data.c">
      <Filter>apx\src</Filter>
    </ClCompile>
    <ClCompile Include="..\..\..\..\apx\src\node_instance.c">
      <Filter>apx\src</Filter>
    </ClCompile>
    <ClCompile Include="..\..\..\..\apx\src\node_manager.c">
      <Filter>apx\src</Filter>
    </ClCompile>
    <ClCompile Include="..\..\..\..\apx\src\numheader.c">
      <Filter>apx\src</Filter>
    </ClCompile>
    <ClCompile Include="..\..\..\..\apx\src\port.c">
      <Filter>apx\src</Filter>
    </ClCompile>
    <ClCompile Include="..\..\..\..\apx\src\port_connector_change_entry.c">
      <Filter>apx\src</Filter>
    </ClCompile>
    <ClCompile Include="..\..\..\..\apx\src\port_connector_change_ref.c">
      <Filter>apx\src</Filter>
    </ClCompile>
    <ClCompile Include="..\..\..\..\apx\src\port_connector_change_table.c">
      <Filter>apx\src</Filter>
    </ClCompile>
    <ClCompile Include="..\..\..\..\apx\src\port_connector_list.c">
      <Filter>apx\src</Filter>
    </ClCompile>
    <ClCompile Include="..\..\..\..\apx\src\port_signature_map.c">
      <Filter>apx\src</Filter>
    </ClCompile>
    <ClCompile Include="..\..\..\..\apx\src\port_signature_map_entry.c">
      <Filter>apx\src</Filter>
    </ClCompile>
    <ClCompile Include="..\..\..\..\apx\src\server.c">
      <Filter>apx\src</Filter>
    </ClCompile>
    <ClCompile Include="..\..\..\..\apx\src\server_extension.c">
      <Filter>apx\src</Filter>
    </ClCompile>
    <ClCompile Include="..\..\..\..\apx\src\server_test_connection.c">
      <Filter>apx\src</Filter>
    </ClCompile>
    <ClCompile Include="..\..\..\..\apx\src\type_attribute.c">
      <Filter>apx\src</Filter>
    </ClCompile>
    <ClCompile Include="..\..\..\..\apx\src\util.c">
      <Filter>apx\src</Filter>
    </ClCompile>
    <ClCompile Include="..\..\..\..\apx\src\extension\server_text_log.c">
      <Filter>apx\src\extension</Filter>
    </ClCompile>
    <ClCompile Include="..\..\..\..\apx\src\extension\server_text_log_extension.c">
      <Filter>apx\src\extension</Filter>
    </ClCompile>
    <ClCompile Include="..\..\..\..\apx\src\extension\socket_server.c">
      <Filter>apx\src\extension</Filter>
    </ClCompile>
    <ClCompile Include="..\..\..\..\apx\src\extension\socket_server_extension.c">
      <Filter>apx\src\extension</Filter>
    </ClCompile>
    <ClCompile Include="..\..\..\..\apx\src\extension\text_log_base.c">
      <Filter>apx\src\extension</Filter>
    </ClCompile>
    <ClCompile Include="..\..\..\..\apx\test\testsuite_client_socket_connection.c">
      <Filter>apx\test</Filter>
    </ClCompile>
    <ClCompile Include="..\..\..\..\apx\test\testsuite_client_test_connection.c">
      <Filter>apx\test</Filter>
    </ClCompile>
    <ClCompile Include="..\..\..\..\apx\test\testsuite_data_element.c">
      <Filter>apx\test</Filter>
    </ClCompile>
    <ClCompile Include="..\..\..\..\apx\test\testsuite_file.c">
      <Filter>apx\test</Filter>
    </ClCompile>
    <ClCompile Include="..\..\..\..\apx\test\testsuite_file_manager_receiver.c">
      <Filter>apx\test</Filter>
    </ClCompile>
    <ClCompile Include="..\..\..\..\apx\test\testsuite_file_map.c">
      <Filter>apx\test</Filter>
    </ClCompile>
    <ClCompile Include="..\..\..\..\apx\test\testsuite_node.c">
      <Filter>apx\test</Filter>
    </ClCompile>
    <ClCompile Include="..\..\..\..\apx\test\testsuite_node_data.c">
      <Filter>apx\test</Filter>
    </ClCompile>
    <ClCompile Include="..\..\..\..\apx\test\testsuite_parser.c">
      <Filter>apx\test</Filter>
    </ClCompile>
    <ClCompile Include="..\..\..\..\apx\test\testsuite_port_connection_change_entry.c">
      <Filter>apx\test</Filter>
    </ClCompile>
    <ClCompile Include="..\..\..\..\apx\test\testsuite_port_connector_change_table.c">
      <Filter>apx\test</Filter>
    </ClCompile>
    <ClCompile Include="..\..\..\..\apx\test\testsuite_port_signature_map.c">
      <Filter>apx\test</Filter>
    </ClCompile>
    <ClCompile Include="..\..\..\..\apx\test\testsuite_remotefile.c">
      <Filter>apx\test</Filter>
    </ClCompile>
    <ClCompile Include="..\..\..\..\apx\test\testsuite_server_connection.c">
      <Filter>apx\test</Filter>
    </ClCompile>
    <ClCompile Include="..\..\..\..\apx\test\testsuite_util.c">
      <Filter>apx\test</Filter>
    </ClCompile>
    <ClCompile Include="..\..\..\..\apx\test\testsuite_vm_deserializer.c">
      <Filter>apx\test</Filter>
    </ClCompile>
    <ClCompile Include="..\..\..\..\apx\test\extension\testsuite_apx_server_socket_connection.c">
      <Filter>apx\test\extension</Filter>
    </ClCompile>
    <ClCompile Include="..\..\..\..\apx\test\extension\testsuite_apx_socket_server_extension.c">
      <Filter>apx\test\extension</Filter>
    </ClCompile>
    <ClCompile Include="..\..\..\..\apx\test\testsuite_allocator.c">
      <Filter>apx\test</Filter>
    </ClCompile>
    <ClCompile Include="..\..\..\..\apx\test\testsuite_attribute_parser.c">
      <Filter>apx\test</Filter>
    </ClCompile>
    <ClCompile Include="..\..\..\..\apx\test\testsuite_client.c">
      <Filter>apx\test</Filter>
    </ClCompile>
    <ClCompile Include="..\..\..\..\apx\test\test_main.c" />
    <ClCompile Include="..\..\..\..\apx\test\testsuite_vm_serializer.c">
      <Filter>apx\test</Filter>
    </ClCompile>
    <ClCompile Include="..\..\..\..\apx\src\port_instance.c">
      <Filter>apx\src</Filter>
    </ClCompile>
    <ClCompile Include="..\..\..\..\apx\src\program.c">
      <Filter>apx\src</Filter>
    </ClCompile>
    <ClCompile Include="..\..\..\..\apx\test\testsuite_program.c">
      <Filter>apx\test</Filter>
    </ClCompile>
    <ClCompile Include="..\..\..\..\apx\src\signature_parser.c">
      <Filter>apx\src</Filter>
    </ClCompile>
    <ClCompile Include="..\..\..\..\apx\test\testsuite_signature_parser.c">
      <Filter>apx\test</Filter>
    </ClCompile>
    <ClCompile Include="..\..\..\..\apx\src\computation.c">
      <Filter>apx\src</Filter>
    </ClCompile>
    <ClCompile Include="..\..\..\..\apx\test\testsuite_computation.c">
      <Filter>apx\test</Filter>
    </ClCompile>
    <ClCompile Include="..\..\..\..\apx\src\parser_base.c">
      <Filter>apx\src</Filter>
    </ClCompile>
    <ClCompile Include="..\..\..\..\apx\src\port_attribute.c">
      <Filter>apx\src</Filter>
    </ClCompile>
    <ClCompile Include="..\..\..\..\apx\src\parser.c">
      <Filter>apx\src</Filter>
    </ClCompile>
    <ClCompile Include="..\..\..\..\apx\test\testsuite_compiler_pack.c">
      <Filter>apx\test</Filter>
    </ClCompile>
    <ClCompile Include="..\..\..\..\apx\test\testsuite_compiler_unpack.c">
      <Filter>apx\test</Filter>
    </ClCompile>
    <ClCompile Include="..\..\..\..\apx\src\serializer.c">
      <Filter>apx\src</Filter>
    </ClCompile>
    <ClCompile Include="..\..\..\..\apx\src\deserializer.c">
      <Filter>apx\src</Filter>
    </ClCompile>
    <ClCompile Include="..\..\..\..\apx\src\vm_common.c">
      <Filter>apx\src</Filter>
    </ClCompile>
    <ClCompile Include="..\..\..\..\apx\src\vm.c">
      <Filter>apx\src</Filter>
    </ClCompile>
    <ClCompile Include="..\..\..\..\apx\src\decoder.c">
      <Filter>apx\src</Filter>
    </ClCompile>
    <ClCompile Include="..\..\..\..\apx\test\testsuite_decoder.c">
      <Filter>apx\test</Filter>
    </ClCompile>
    <ClCompile Include="..\..\..\..\apx\test\testsuite_node_manager_client.c">
      <Filter>apx\test</Filter>
    </ClCompile>
    <ClCompile Include="..\..\..\..\apx\test\testsuite_node_manager_server.c">
      <Filter>apx\test</Filter>
    </ClCompile>
    <ClCompile Include="..\..\..\..\apx\src\node_cache.c">
      <Filter>apx\src</Filter>
    </ClCompile>
    <ClCompile Include="..\..\..\..\apx\src\remotefile.c">
      <Filter>apx\src</Filter>
    </ClCompile>
    <ClCompile Include="..\..\..\..\apx\test\testsuite_file_info.c">
      <Filter>apx\test</Filter>
    </ClCompile>
    <ClCompile Include="..\..\..\..\apx\src\command.c">
      <Filter>apx\src</Filter>
    </ClCompile>
    <ClCompile Include="..\..\..\..\apx\test\testsuite_server.c">
      <Filter>apx\test</Filter>
    </ClCompile>
    <ClCompile Include="..\..\..\..\apx\src\extension\socket_server_connection.c">
      <Filter>apx\src\extension</Filter>
    </ClCompile>
    <ClCompile Include="..\..\..\..\apx\src\stream.c">
      <Filter>apx\src</Filter>
    </ClCompile>
    <ClCompile Include="..\..\..\..\apx\src\client_connection.c">
      <Filter>apx\src</Filter>
    </ClCompile>
    <ClCompile Include="..\..\..\..\apx\src\socket_client_connection.c">
      <Filter>apx\src</Filter>
    </ClCompile>
    <ClCompile Include="..\..\..\..\apx\src\server_connection.c">
      <Filter>apx\src</Filter>
    </ClCompile>
    <ClCompile Include="..\..\..\..\apx\test\testsuite_vm_pack.c">
      <Filter>apx\test</Filter>
    </ClCompile>
    <ClCompile Include="..\..\..\..\apx\test\testsuite_vm_unpack.c">
      <Filter>apx\test</Filter>
    </ClCompile>
    <ClCompile Include="..\..\..\..\apx\test\extension\testsuite_apx_server_text_log.c">
      <Filter>apx\test\extension</Filter>
    </ClCompile>
    <ClCompile Include="..\..\..\..\apx\test\testsuite_client_socket_monitor_connection.c">
      <Filter>apx\test</Filter>
    </ClCompile>
    <ClCompile Include="..\..\..\..\apx\src\extension\monitor_extension.c">
      <Filter>apx\src\extension</Filter>
    </ClCompile>
    <ClCompile Include="..\..\..\..\apx\src\extension\server_monitor_state.c">
      <Filter>apx\src\extension</Filter>
    </ClCompile>
  </ItemGroup>
  <ItemGroup>
    <ClInclude Include="..\..\..\..\adt\inc\adt_ary.h">
      <Filter>adt\include</Filter>
    </ClInclude>
    <ClInclude Include="..\..\..\..\adt\inc\adt_bytearray.h">
      <Filter>adt\include</Filter>
    </ClInclude>
    <ClInclude Include="..\..\..\..\adt\inc\adt_bytes.h">
      <Filter>adt\include</Filter>
    </ClInclude>
    <ClInclude Include="..\..\..\..\adt\inc\adt_error.h">
      <Filter>adt\include</Filter>
    </ClInclude>
    <ClInclude Include="..\..\..\..\adt\inc\adt_hash.h">
      <Filter>adt\include</Filter>
    </ClInclude>
    <ClInclude Include="..\..\..\..\adt\inc\adt_list.h">
      <Filter>adt\include</Filter>
    </ClInclude>
    <ClInclude Include="..\..\..\..\adt\inc\adt_ringbuf.h">
      <Filter>adt\include</Filter>
    </ClInclude>
    <ClInclude Include="..\..\..\..\adt\inc\adt_set.h">
      <Filter>adt\include</Filter>
    </ClInclude>
    <ClInclude Include="..\..\..\..\adt\inc\adt_stack.h">
      <Filter>adt\include</Filter>
    </ClInclude>
    <ClInclude Include="..\..\..\..\adt\inc\adt_str.h">
      <Filter>adt\include</Filter>
    </ClInclude>
    <ClInclude Include="..\..\..\..\bstr\inc\bstr.h">
      <Filter>bstr\include</Filter>
    </ClInclude>
    <ClInclude Include="..\..\..\..\dtl_type\inc\dtl_av.h">
      <Filter>dtl_type\include</Filter>
    </ClInclude>
    <ClInclude Include="..\..\..\..\dtl_type\inc\dtl_dv.h">
      <Filter>dtl_type\include</Filter>
    </ClInclude>
    <ClInclude Include="..\..\..\..\dtl_type\inc\dtl_error.h">
      <Filter>dtl_type\include</Filter>
    </ClInclude>
    <ClInclude Include="..\..\..\..\dtl_type\inc\dtl_hv.h">
      <Filter>dtl_type\include</Filter>
    </ClInclude>
    <ClInclude Include="..\..\..\..\dtl_type\inc\dtl_sv.h">
      <Filter>dtl_type\include</Filter>
    </ClInclude>
    <ClInclude Include="..\..\..\..\dtl_type\inc\dtl_type.h">
      <Filter>dtl_type\include</Filter>
    </ClInclude>
    <ClInclude Include="..\..\..\..\cutil\inc\argparse.h">
      <Filter>cutil\include</Filter>
    </ClInclude>
    <ClInclude Include="..\..\..\..\cutil\inc\CMemLeak.h">
      <Filter>cutil\include</Filter>
    </ClInclude>
    <ClInclude Include="..\..\..\..\cutil\inc\filestream.h">
      <Filter>cutil\include</Filter>
    </ClInclude>
    <ClInclude Include="..\..\..\..\cutil\inc\pack.h">
      <Filter>cutil\include</Filter>
    </ClInclude>
    <ClInclude Include="..\..\..\..\cutil\inc\sha256.h">
      <Filter>cutil\include</Filter>
    </ClInclude>
    <ClInclude Include="..\..\..\..\cutil\inc\soa.h">
      <Filter>cutil\include</Filter>
    </ClInclude>
    <ClInclude Include="..\..\..\..\cutil\inc\soa_chunk.h">
      <Filter>cutil\include</Filter>
    </ClInclude>
    <ClInclude Include="..\..\..\..\cutil\inc\soa_fsa.h">
      <Filter>cutil\include</Filter>
    </ClInclude>
    <ClInclude Include="..\..\..\..\cutil\cutest\CuTest.h">
      <Filter>cutest</Filter>
    </ClInclude>
    <ClInclude Include="..\..\..\..\msocket\inc\msocket.h">
      <Filter>msocket\include</Filter>
    </ClInclude>
    <ClInclude Include="..\..\..\..\msocket\inc\msocket_adt.h">
      <Filter>msocket\include</Filter>
    </ClInclude>
    <ClInclude Include="..\..\..\..\msocket\inc\msocket_server.h">
      <Filter>msocket\include</Filter>
    </ClInclude>
    <ClInclude Include="..\..\..\..\msocket\inc\osmacro.h">
      <Filter>msocket\include</Filter>
    </ClInclude>
    <ClInclude Include="..\..\..\..\msocket\inc\osutil.h">
      <Filter>msocket\include</Filter>
    </ClInclude>
    <ClInclude Include="..\..\..\..\msocket\inc\testsocket.h">
      <Filter>msocket\include</Filter>
    </ClInclude>
    <ClInclude Include="..\..\..\..\msocket\inc\testsocket_spy.h">
      <Filter>msocket\include</Filter>
    </ClInclude>
    <ClInclude Include="..\..\..\..\dtl_json\inc\dtl_json.h">
      <Filter>dtl_json\include</Filter>
    </ClInclude>
    <ClInclude Include="..\..\..\..\apx\include\apx\allocator.h">
      <Filter>apx\include</Filter>
    </ClInclude>
    <ClInclude Include="..\..\..\..\apx\include\apx\attribute_parser.h">
      <Filter>apx\include</Filter>
    </ClInclude>
    <ClInclude Include="..\..\..\..\apx\include\apx\byte_port_map.h">
      <Filter>apx\include</Filter>
    </ClInclude>
    <ClInclude Include="..\..\..\..\apx\include\apx\cfg.h">
      <Filter>apx\include</Filter>
    </ClInclude>
    <ClInclude Include="..\..\..\..\apx\include\apx\client.h">
      <Filter>apx\include</Filter>
    </ClInclude>
    <ClInclude Include="..\..\..\..\apx\include\apx\client_internal.h">
      <Filter>apx\include</Filter>
    </ClInclude>
    <ClInclude Include="..\..\..\..\apx\include\apx\client_test_connection.h">
      <Filter>apx\include</Filter>
    </ClInclude>
    <ClInclude Include="..\..\..\..\apx\include\apx\compiler.h">
      <Filter>apx\include</Filter>
    </ClInclude>
    <ClInclude Include="..\..\..\..\apx\include\apx\connection_base.h">
      <Filter>apx\include</Filter>
    </ClInclude>
    <ClInclude Include="..\..\..\..\apx\include\apx\connection_manager.h">
      <Filter>apx\include</Filter>
    </ClInclude>
    <ClInclude Include="..\..\..\..\apx\include\apx\data_element.h">
      <Filter>apx\include</Filter>
    </ClInclude>
    <ClInclude Include="..\..\..\..\apx\include\apx\data_signature.h">
      <Filter>apx\include</Filter>
    </ClInclude>
    <ClInclude Include="..\..\..\..\apx\include\apx\data_type.h">
      <Filter>apx\include</Filter>
    </ClInclude>
    <ClInclude Include="..\..\..\..\apx\include\apx\error.h">
      <Filter>apx\include</Filter>
    </ClInclude>
    <ClInclude Include="..\..\..\..\apx\include\apx\event.h">
      <Filter>apx\include</Filter>
    </ClInclude>
    <ClInclude Include="..\..\..\..\apx\include\apx\event_listener.h">
      <Filter>apx\include</Filter>
    </ClInclude>
    <ClInclude Include="..\..\..\..\apx\include\apx\event_loop.h">
      <Filter>apx\include</Filter>
    </ClInclude>
    <ClInclude Include="..\..\..\..\apx\include\apx\file.h">
      <Filter>apx\include</Filter>
    </ClInclude>
    <ClInclude Include="..\..\..\..\apx\include\apx\file_info.h">
      <Filter>apx\include</Filter>
    </ClInclude>
    <ClInclude Include="..\..\..\..\apx\include\apx\file_manager.h">
      <Filter>apx\include</Filter>
    </ClInclude>
    <ClInclude Include="..\..\..\..\apx\include\apx\file_manager_defs.h">
      <Filter>apx\include</Filter>
    </ClInclude>
    <ClInclude Include="..\..\..\..\apx\include\apx\file_manager_receiver.h">
      <Filter>apx\include</Filter>
    </ClInclude>
    <ClInclude Include="..\..\..\..\apx\include\apx\file_manager_shared.h">
      <Filter>apx\include</Filter>
    </ClInclude>
    <ClInclude Include="..\..\..\..\apx\include\apx\file_manager_worker.h">
      <Filter>apx\include</Filter>
    </ClInclude>
    <ClInclude Include="..\..\..\..\apx\include\apx\file_map.h">
      <Filter>apx\include</Filter>
    </ClInclude>
    <ClInclude Include="..\..\..\..\apx\include\apx\log_event.h">
      <Filter>apx\include</Filter>
    </ClInclude>
    <ClInclude Include="..\..\..\..\apx\include\apx\logging.h">
      <Filter>apx\include</Filter>
    </ClInclude>
    <ClInclude Include="..\..\..\..\apx\include\apx\node.h">
      <Filter>apx\include</Filter>
    </ClInclude>
    <ClInclude Include="..\..\..\..\apx\include\apx\node_data.h">
      <Filter>apx\include</Filter>
    </ClInclude>
    <ClInclude Include="..\..\..\..\apx\include\apx\node_instance.h">
      <Filter>apx\include</Filter>
    </ClInclude>
    <ClInclude Include="..\..\..\..\apx\include\apx\node_manager.h">
      <Filter>apx\include</Filter>
    </ClInclude>
    <ClInclude Include="..\..\..\..\apx\include\apx\numheader.h">
      <Filter>apx\include</Filter>
    </ClInclude>
    <ClInclude Include="..\..\..\..\apx\include\apx\port.h">
      <Filter>apx\include</Filter>
    </ClInclude>
    <ClInclude Include="..\..\..\..\apx\include\apx\port_connector_change_entry.h">
      <Filter>apx\include</Filter>
    </ClInclude>
    <ClInclude Include="..\..\..\..\apx\include\apx\port_connector_change_ref.h">
      <Filter>apx\include</Filter>
    </ClInclude>
    <ClInclude Include="..\..\..\..\apx\include\apx\port_connector_change_table.h">
      <Filter>apx\include</Filter>
    </ClInclude>
    <ClInclude Include="..\..\..\..\apx\include\apx\port_connector_list.h">
      <Filter>apx\include</Filter>
    </ClInclude>
    <ClInclude Include="..\..\..\..\apx\include\apx\port_signature_map.h">
      <Filter>apx\include</Filter>
    </ClInclude>
    <ClInclude Include="..\..\..\..\apx\include\apx\port_signature_map_entry.h">
      <Filter>apx\include</Filter>
    </ClInclude>
    <ClInclude Include="..\..\..\..\apx\include\apx\server.h">
      <Filter>apx\include</Filter>
    </ClInclude>
    <ClInclude Include="..\..\..\..\apx\include\apx\server_extension.h">
      <Filter>apx\include</Filter>
    </ClInclude>
    <ClInclude Include="..\..\..\..\apx\include\apx\server_test_connection.h">
      <Filter>apx\include</Filter>
    </ClInclude>
    <ClInclude Include="..\..\..\..\apx\include\apx\type_attribute.h">
      <Filter>apx\include</Filter>
    </ClInclude>
    <ClInclude Include="..\..\..\..\apx\include\apx\types.h">
      <Filter>apx\include</Filter>
    </ClInclude>
    <ClInclude Include="..\..\..\..\apx\include\apx\util.h">
      <Filter>apx\include</Filter>
    </ClInclude>
    <ClInclude Include="..\..\..\..\apx\include\apx\vm.h">
      <Filter>apx\include</Filter>
    </ClInclude>
    <ClInclude Include="..\..\..\..\apx\include\apx\vm_defs.h">
      <Filter>apx\include</Filter>
    </ClInclude>
    <ClInclude Include="..\..\..\..\apx\include\apx\extension\server_text_log.h">
      <Filter>apx\include\extension</Filter>
    </ClInclude>
    <ClInclude Include="..\..\..\..\apx\include\apx\extension\server_text_log_extension.h">
      <Filter>apx\include\extension</Filter>
    </ClInclude>
    <ClInclude Include="..\..\..\..\apx\include\apx\extension\socket_server.h">
      <Filter>apx\include\extension</Filter>
    </ClInclude>
    <ClInclude Include="..\..\..\..\apx\include\apx\extension\socket_server_extension.h">
      <Filter>apx\include\extension</Filter>
    </ClInclude>
    <ClInclude Include="..\..\..\..\apx\include\apx\extension\text_log_base.h">
      <Filter>apx\include\extension</Filter>
    </ClInclude>
    <ClInclude Include="..\..\..\..\apx\include\apx\port_instance.h">
      <Filter>apx\include</Filter>
    </ClInclude>
    <ClInclude Include="..\..\..\..\apx\include\apx\program.h">
      <Filter>apx\include</Filter>
    </ClInclude>
    <ClInclude Include="..\..\..\..\apx\include\apx\signature_parser.h">
      <Filter>apx\include</Filter>
    </ClInclude>
    <ClInclude Include="..\..\..\..\apx\include\apx\computation.h">
      <Filter>apx\include</Filter>
    </ClInclude>
    <ClInclude Include="..\..\..\..\apx\include\apx\parser_base.h">
      <Filter>apx\include</Filter>
    </ClInclude>
    <ClInclude Include="..\..\..\..\apx\include\apx\port_attribute.h">
      <Filter>apx\include</Filter>
    </ClInclude>
    <ClInclude Include="..\..\..\..\apx\include\apx\parser.h">
      <Filter>apx\include</Filter>
    </ClInclude>
    <ClInclude Include="..\..\..\..\apx\include\apx\serializer.h">
      <Filter>apx\include</Filter>
    </ClInclude>
    <ClInclude Include="..\..\..\..\apx\include\apx\deserializer.h">
      <Filter>apx\include</Filter>
    </ClInclude>
    <ClInclude Include="..\..\..\..\apx\include\apx\vm_common.h">
      <Filter>apx\include</Filter>
    </ClInclude>
    <ClInclude Include="..\..\..\..\apx\include\apx\decoder.h">
      <Filter>apx\include</Filter>
    </ClInclude>
    <ClInclude Include="..\..\..\..\apx\include\apx\node_cache.h">
      <Filter>apx\include</Filter>
    </ClInclude>
    <ClInclude Include="..\..\..\..\apx\include\apx\remotefile.h">
      <Filter>apx\include</Filter>
    </ClInclude>
    <ClInclude Include="..\..\..\..\apx\include\apx\remotefile_cfg.h">
      <Filter>apx\include</Filter>
    </ClInclude>
    <ClInclude Include="..\..\..\..\apx\include\apx\command.h">
      <Filter>apx\include</Filter>
    </ClInclude>
    <ClInclude Include="..\..\..\..\apx\include\apx\connection_interface.h">
      <Filter>apx\include</Filter>
    </ClInclude>
    <ClInclude Include="..\..\..\..\apx\include\apx\extension\socket_server_connection.h">
      <Filter>apx\include\extension</Filter>
    </ClInclude>
    <ClInclude Include="..\..\..\..\apx\include\apx\stream.h">
      <Filter>apx\include</Filter>
    </ClInclude>
    <ClInclude Include="..\..\..\..\apx\include\apx\client_connection.h">
      <Filter>apx\include</Filter>
    </ClInclude>
    <ClInclude Include="..\..\..\..\apx\include\apx\socket_client_connection.h">
      <Filter>apx\include</Filter>
    </ClInclude>
    <ClInclude Include="..\..\..\..\apx\include\apx\server_connection.h">
      <Filter>apx\include</Filter>
    </ClInclude>
    <ClInclude Include="..\..\..\..\apx\include\apx\server_model.h">
      <Filter>apx\include</Filter>
    </ClInclude>
    <ClInclude Include="..\..\..\..\apx\include\apx\extension\monitor_extension.h">
      <Filter>apx\include\extension</Filter>
    </ClInclude>
    <ClInclude Include="..\..\..\..\apx\include\apx\extension\server_monitor_state.h">
      <Filter>apx\include\extension</Filter>
    </ClInclude>
  </ItemGroup>
</Project>